// !$*UTF8*$!
{
	archiveVersion = 1;
	classes = {
	};
	objectVersion = 50;
	objects = {

/* Begin PBXBuildFile section */
		461625A525CEA7830064D1CE /* RemoteImageView.swift in Sources */ = {isa = PBXBuildFile; fileRef = 461625A425CEA7830064D1CE /* RemoteImageView.swift */; };
		4648613725CE496400F9AEAB /* NewsApp.swift in Sources */ = {isa = PBXBuildFile; fileRef = 4648613625CE496400F9AEAB /* NewsApp.swift */; };
		4648613925CE496400F9AEAB /* ContentView.swift in Sources */ = {isa = PBXBuildFile; fileRef = 4648613825CE496400F9AEAB /* ContentView.swift */; };
		4648613B25CE496600F9AEAB /* Assets.xcassets in Resources */ = {isa = PBXBuildFile; fileRef = 4648613A25CE496600F9AEAB /* Assets.xcassets */; };
		4648613E25CE496600F9AEAB /* Preview Assets.xcassets in Resources */ = {isa = PBXBuildFile; fileRef = 4648613D25CE496600F9AEAB /* Preview Assets.xcassets */; };
		4648614725CE498000F9AEAB /* Networking.swift in Sources */ = {isa = PBXBuildFile; fileRef = 4648614625CE498000F9AEAB /* Networking.swift */; };
		4648614B25CE507100F9AEAB /* News.swift in Sources */ = {isa = PBXBuildFile; fileRef = 4648614A25CE507100F9AEAB /* News.swift */; };
		4648615025CE524F00F9AEAB /* SearchBar.swift in Sources */ = {isa = PBXBuildFile; fileRef = 4648614F25CE524F00F9AEAB /* SearchBar.swift */; };
		4648615625CE546A00F9AEAB /* ViewModel.swift in Sources */ = {isa = PBXBuildFile; fileRef = 4648615525CE546A00F9AEAB /* ViewModel.swift */; };
		46A837B825CE5FEC0079AF41 /* Optional.swift in Sources */ = {isa = PBXBuildFile; fileRef = 46A837B725CE5FEC0079AF41 /* Optional.swift */; };
		46A837BF25CE6F300079AF41 /* WebView.swift in Sources */ = {isa = PBXBuildFile; fileRef = 46A837BE25CE6F300079AF41 /* WebView.swift */; };
		46A837C325CE8DC60079AF41 /* Article.xcdatamodeld in Sources */ = {isa = PBXBuildFile; fileRef = 46A837C125CE8DC60079AF41 /* Article.xcdatamodeld */; };
		46A837C625CE8F450079AF41 /* Persistance.swift in Sources */ = {isa = PBXBuildFile; fileRef = 46A837C525CE8F450079AF41 /* Persistance.swift */; };
/* End PBXBuildFile section */

/* Begin PBXFileReference section */
		461625A425CEA7830064D1CE /* RemoteImageView.swift */ = {isa = PBXFileReference; lastKnownFileType = sourcecode.swift; path = RemoteImageView.swift; sourceTree = "<group>"; };
		4648613325CE496400F9AEAB /* News.app */ = {isa = PBXFileReference; explicitFileType = wrapper.application; includeInIndex = 0; path = News.app; sourceTree = BUILT_PRODUCTS_DIR; };
		4648613625CE496400F9AEAB /* NewsApp.swift */ = {isa = PBXFileReference; lastKnownFileType = sourcecode.swift; path = NewsApp.swift; sourceTree = "<group>"; };
		4648613825CE496400F9AEAB /* ContentView.swift */ = {isa = PBXFileReference; lastKnownFileType = sourcecode.swift; path = ContentView.swift; sourceTree = "<group>"; };
		4648613A25CE496600F9AEAB /* Assets.xcassets */ = {isa = PBXFileReference; lastKnownFileType = folder.assetcatalog; path = Assets.xcassets; sourceTree = "<group>"; };
		4648613D25CE496600F9AEAB /* Preview Assets.xcassets */ = {isa = PBXFileReference; lastKnownFileType = folder.assetcatalog; path = "Preview Assets.xcassets"; sourceTree = "<group>"; };
		4648613F25CE496600F9AEAB /* Info.plist */ = {isa = PBXFileReference; lastKnownFileType = text.plist.xml; path = Info.plist; sourceTree = "<group>"; };
		4648614625CE498000F9AEAB /* Networking.swift */ = {isa = PBXFileReference; lastKnownFileType = sourcecode.swift; path = Networking.swift; sourceTree = "<group>"; };
		4648614A25CE507100F9AEAB /* News.swift */ = {isa = PBXFileReference; lastKnownFileType = sourcecode.swift; path = News.swift; sourceTree = "<group>"; };
		4648614F25CE524F00F9AEAB /* SearchBar.swift */ = {isa = PBXFileReference; lastKnownFileType = sourcecode.swift; path = SearchBar.swift; sourceTree = "<group>"; };
		4648615525CE546A00F9AEAB /* ViewModel.swift */ = {isa = PBXFileReference; lastKnownFileType = sourcecode.swift; path = ViewModel.swift; sourceTree = "<group>"; };
		46A837B725CE5FEC0079AF41 /* Optional.swift */ = {isa = PBXFileReference; lastKnownFileType = sourcecode.swift; path = Optional.swift; sourceTree = "<group>"; };
		46A837BE25CE6F300079AF41 /* WebView.swift */ = {isa = PBXFileReference; lastKnownFileType = sourcecode.swift; path = WebView.swift; sourceTree = "<group>"; };
		46A837C225CE8DC60079AF41 /* Article.xcdatamodel */ = {isa = PBXFileReference; lastKnownFileType = wrapper.xcdatamodel; path = Article.xcdatamodel; sourceTree = "<group>"; };
		46A837C525CE8F450079AF41 /* Persistance.swift */ = {isa = PBXFileReference; lastKnownFileType = sourcecode.swift; path = Persistance.swift; sourceTree = "<group>"; };
/* End PBXFileReference section */

/* Begin PBXFrameworksBuildPhase section */
		4648613025CE496400F9AEAB /* Frameworks */ = {
			isa = PBXFrameworksBuildPhase;
			buildActionMask = 2147483647;
			files = (
			);
			runOnlyForDeploymentPostprocessing = 0;
		};
/* End PBXFrameworksBuildPhase section */

/* Begin PBXGroup section */
		4648612A25CE496400F9AEAB = {
			isa = PBXGroup;
			children = (
				4648613525CE496400F9AEAB /* News */,
				4648613425CE496400F9AEAB /* Products */,
			);
			sourceTree = "<group>";
		};
		4648613425CE496400F9AEAB /* Products */ = {
			isa = PBXGroup;
			children = (
				4648613325CE496400F9AEAB /* News.app */,
			);
			name = Products;
			sourceTree = "<group>";
		};
		4648613525CE496400F9AEAB /* News */ = {
			isa = PBXGroup;
			children = (
				4648615525CE546A00F9AEAB /* ViewModel.swift */,
				46A837C525CE8F450079AF41 /* Persistance.swift */,
				46A837C125CE8DC60079AF41 /* Article.xcdatamodeld */,
				46A837BA25CE5FF00079AF41 /* Extension */,
				4648615225CE53E900F9AEAB /* View */,
				4648615425CE53F800F9AEAB /* Networking */,
				4648614D25CE507600F9AEAB /* Model */,
				4648613A25CE496600F9AEAB /* Assets.xcassets */,
				4648613F25CE496600F9AEAB /* Info.plist */,
				4648613625CE496400F9AEAB /* NewsApp.swift */,
				4648613C25CE496600F9AEAB /* Preview Content */,
			);
			path = News;
			sourceTree = "<group>";
		};
		4648613C25CE496600F9AEAB /* Preview Content */ = {
			isa = PBXGroup;
			children = (
				4648613D25CE496600F9AEAB /* Preview Assets.xcassets */,
			);
			path = "Preview Content";
			sourceTree = "<group>";
		};
		4648614D25CE507600F9AEAB /* Model */ = {
			isa = PBXGroup;
			children = (
				4648614A25CE507100F9AEAB /* News.swift */,
			);
			path = Model;
			sourceTree = "<group>";
		};
		4648615225CE53E900F9AEAB /* View */ = {
			isa = PBXGroup;
			children = (
				4648613825CE496400F9AEAB /* ContentView.swift */,
				4648614F25CE524F00F9AEAB /* SearchBar.swift */,
				461625A425CEA7830064D1CE /* RemoteImageView.swift */,
				46A837BE25CE6F300079AF41 /* WebView.swift */,
			);
			path = View;
			sourceTree = "<group>";
		};
		4648615425CE53F800F9AEAB /* Networking */ = {
			isa = PBXGroup;
			children = (
				4648614625CE498000F9AEAB /* Networking.swift */,
			);
			path = Networking;
			sourceTree = "<group>";
		};
		46A837BA25CE5FF00079AF41 /* Extension */ = {
			isa = PBXGroup;
			children = (
				46A837B725CE5FEC0079AF41 /* Optional.swift */,
			);
			path = Extension;
			sourceTree = "<group>";
		};
/* End PBXGroup section */

/* Begin PBXNativeTarget section */
		4648613225CE496400F9AEAB /* News */ = {
			isa = PBXNativeTarget;
			buildConfigurationList = 4648614225CE496600F9AEAB /* Build configuration list for PBXNativeTarget "News" */;
			buildPhases = (
				4648612F25CE496400F9AEAB /* Sources */,
				4648613025CE496400F9AEAB /* Frameworks */,
				4648613125CE496400F9AEAB /* Resources */,
			);
			buildRules = (
			);
			dependencies = (
			);
			name = News;
			productName = News;
			productReference = 4648613325CE496400F9AEAB /* News.app */;
			productType = "com.apple.product-type.application";
		};
/* End PBXNativeTarget section */

/* Begin PBXProject section */
		4648612B25CE496400F9AEAB /* Project object */ = {
			isa = PBXProject;
			attributes = {
				LastSwiftUpdateCheck = 1210;
				LastUpgradeCheck = 1210;
				TargetAttributes = {
					4648613225CE496400F9AEAB = {
						CreatedOnToolsVersion = 12.1;
					};
				};
			};
			buildConfigurationList = 4648612E25CE496400F9AEAB /* Build configuration list for PBXProject "News" */;
			compatibilityVersion = "Xcode 9.3";
			developmentRegion = en;
			hasScannedForEncodings = 0;
			knownRegions = (
				en,
				Base,
			);
			mainGroup = 4648612A25CE496400F9AEAB;
			productRefGroup = 4648613425CE496400F9AEAB /* Products */;
			projectDirPath = "";
			projectRoot = "";
			targets = (
				4648613225CE496400F9AEAB /* News */,
			);
		};
/* End PBXProject section */

/* Begin PBXResourcesBuildPhase section */
		4648613125CE496400F9AEAB /* Resources */ = {
			isa = PBXResourcesBuildPhase;
			buildActionMask = 2147483647;
			files = (
				4648613E25CE496600F9AEAB /* Preview Assets.xcassets in Resources */,
				4648613B25CE496600F9AEAB /* Assets.xcassets in Resources */,
			);
			runOnlyForDeploymentPostprocessing = 0;
		};
/* End PBXResourcesBuildPhase section */

/* Begin PBXSourcesBuildPhase section */
		4648612F25CE496400F9AEAB /* Sources */ = {
			isa = PBXSourcesBuildPhase;
			buildActionMask = 2147483647;
			files = (
				4648614725CE498000F9AEAB /* Networking.swift in Sources */,
				46A837BF25CE6F300079AF41 /* WebView.swift in Sources */,
				4648613925CE496400F9AEAB /* ContentView.swift in Sources */,
				46A837C625CE8F450079AF41 /* Persistance.swift in Sources */,
				4648615025CE524F00F9AEAB /* SearchBar.swift in Sources */,
				461625A525CEA7830064D1CE /* RemoteImageView.swift in Sources */,
				46A837B825CE5FEC0079AF41 /* Optional.swift in Sources */,
				4648614B25CE507100F9AEAB /* News.swift in Sources */,
				4648615625CE546A00F9AEAB /* ViewModel.swift in Sources */,
				4648613725CE496400F9AEAB /* NewsApp.swift in Sources */,
				46A837C325CE8DC60079AF41 /* Article.xcdatamodeld in Sources */,
			);
			runOnlyForDeploymentPostprocessing = 0;
		};
/* End PBXSourcesBuildPhase section */

/* Begin XCBuildConfiguration section */
		4648614025CE496600F9AEAB /* Debug */ = {
			isa = XCBuildConfiguration;
			buildSettings = {
				ALWAYS_SEARCH_USER_PATHS = NO;
				CLANG_ANALYZER_NONNULL = YES;
				CLANG_ANALYZER_NUMBER_OBJECT_CONVERSION = YES_AGGRESSIVE;
				CLANG_CXX_LANGUAGE_STANDARD = "gnu++14";
				CLANG_CXX_LIBRARY = "libc++";
				CLANG_ENABLE_MODULES = YES;
				CLANG_ENABLE_OBJC_ARC = YES;
				CLANG_ENABLE_OBJC_WEAK = YES;
				CLANG_WARN_BLOCK_CAPTURE_AUTORELEASING = YES;
				CLANG_WARN_BOOL_CONVERSION = YES;
				CLANG_WARN_COMMA = YES;
				CLANG_WARN_CONSTANT_CONVERSION = YES;
				CLANG_WARN_DEPRECATED_OBJC_IMPLEMENTATIONS = YES;
				CLANG_WARN_DIRECT_OBJC_ISA_USAGE = YES_ERROR;
				CLANG_WARN_DOCUMENTATION_COMMENTS = YES;
				CLANG_WARN_EMPTY_BODY = YES;
				CLANG_WARN_ENUM_CONVERSION = YES;
				CLANG_WARN_INFINITE_RECURSION = YES;
				CLANG_WARN_INT_CONVERSION = YES;
				CLANG_WARN_NON_LITERAL_NULL_CONVERSION = YES;
				CLANG_WARN_OBJC_IMPLICIT_RETAIN_SELF = YES;
				CLANG_WARN_OBJC_LITERAL_CONVERSION = YES;
				CLANG_WARN_OBJC_ROOT_CLASS = YES_ERROR;
				CLANG_WARN_QUOTED_INCLUDE_IN_FRAMEWORK_HEADER = YES;
				CLANG_WARN_RANGE_LOOP_ANALYSIS = YES;
				CLANG_WARN_STRICT_PROTOTYPES = YES;
				CLANG_WARN_SUSPICIOUS_MOVE = YES;
				CLANG_WARN_UNGUARDED_AVAILABILITY = YES_AGGRESSIVE;
				CLANG_WARN_UNREACHABLE_CODE = YES;
				CLANG_WARN__DUPLICATE_METHOD_MATCH = YES;
				COPY_PHASE_STRIP = NO;
				DEBUG_INFORMATION_FORMAT = dwarf;
				ENABLE_STRICT_OBJC_MSGSEND = YES;
				ENABLE_TESTABILITY = YES;
				GCC_C_LANGUAGE_STANDARD = gnu11;
				GCC_DYNAMIC_NO_PIC = NO;
				GCC_NO_COMMON_BLOCKS = YES;
				GCC_OPTIMIZATION_LEVEL = 0;
				GCC_PREPROCESSOR_DEFINITIONS = (
					"DEBUG=1",
					"$(inherited)",
				);
				GCC_WARN_64_TO_32_BIT_CONVERSION = YES;
				GCC_WARN_ABOUT_RETURN_TYPE = YES_ERROR;
				GCC_WARN_UNDECLARED_SELECTOR = YES;
				GCC_WARN_UNINITIALIZED_AUTOS = YES_AGGRESSIVE;
				GCC_WARN_UNUSED_FUNCTION = YES;
				GCC_WARN_UNUSED_VARIABLE = YES;
				IPHONEOS_DEPLOYMENT_TARGET = 14.1;
				MTL_ENABLE_DEBUG_INFO = INCLUDE_SOURCE;
				MTL_FAST_MATH = YES;
				ONLY_ACTIVE_ARCH = YES;
				SDKROOT = iphoneos;
				SWIFT_ACTIVE_COMPILATION_CONDITIONS = DEBUG;
				SWIFT_OPTIMIZATION_LEVEL = "-Onone";
			};
			name = Debug;
		};
		4648614125CE496600F9AEAB /* Release */ = {
			isa = XCBuildConfiguration;
			buildSettings = {
				ALWAYS_SEARCH_USER_PATHS = NO;
				CLANG_ANALYZER_NONNULL = YES;
				CLANG_ANALYZER_NUMBER_OBJECT_CONVERSION = YES_AGGRESSIVE;
				CLANG_CXX_LANGUAGE_STANDARD = "gnu++14";
				CLANG_CXX_LIBRARY = "libc++";
				CLANG_ENABLE_MODULES = YES;
				CLANG_ENABLE_OBJC_ARC = YES;
				CLANG_ENABLE_OBJC_WEAK = YES;
				CLANG_WARN_BLOCK_CAPTURE_AUTORELEASING = YES;
				CLANG_WARN_BOOL_CONVERSION = YES;
				CLANG_WARN_COMMA = YES;
				CLANG_WARN_CONSTANT_CONVERSION = YES;
				CLANG_WARN_DEPRECATED_OBJC_IMPLEMENTATIONS = YES;
				CLANG_WARN_DIRECT_OBJC_ISA_USAGE = YES_ERROR;
				CLANG_WARN_DOCUMENTATION_COMMENTS = YES;
				CLANG_WARN_EMPTY_BODY = YES;
				CLANG_WARN_ENUM_CONVERSION = YES;
				CLANG_WARN_INFINITE_RECURSION = YES;
				CLANG_WARN_INT_CONVERSION = YES;
				CLANG_WARN_NON_LITERAL_NULL_CONVERSION = YES;
				CLANG_WARN_OBJC_IMPLICIT_RETAIN_SELF = YES;
				CLANG_WARN_OBJC_LITERAL_CONVERSION = YES;
				CLANG_WARN_OBJC_ROOT_CLASS = YES_ERROR;
				CLANG_WARN_QUOTED_INCLUDE_IN_FRAMEWORK_HEADER = YES;
				CLANG_WARN_RANGE_LOOP_ANALYSIS = YES;
				CLANG_WARN_STRICT_PROTOTYPES = YES;
				CLANG_WARN_SUSPICIOUS_MOVE = YES;
				CLANG_WARN_UNGUARDED_AVAILABILITY = YES_AGGRESSIVE;
				CLANG_WARN_UNREACHABLE_CODE = YES;
				CLANG_WARN__DUPLICATE_METHOD_MATCH = YES;
				COPY_PHASE_STRIP = NO;
				DEBUG_INFORMATION_FORMAT = "dwarf-with-dsym";
				ENABLE_NS_ASSERTIONS = NO;
				ENABLE_STRICT_OBJC_MSGSEND = YES;
				GCC_C_LANGUAGE_STANDARD = gnu11;
				GCC_NO_COMMON_BLOCKS = YES;
				GCC_WARN_64_TO_32_BIT_CONVERSION = YES;
				GCC_WARN_ABOUT_RETURN_TYPE = YES_ERROR;
				GCC_WARN_UNDECLARED_SELECTOR = YES;
				GCC_WARN_UNINITIALIZED_AUTOS = YES_AGGRESSIVE;
				GCC_WARN_UNUSED_FUNCTION = YES;
				GCC_WARN_UNUSED_VARIABLE = YES;
				IPHONEOS_DEPLOYMENT_TARGET = 14.1;
				MTL_ENABLE_DEBUG_INFO = NO;
				MTL_FAST_MATH = YES;
				SDKROOT = iphoneos;
				SWIFT_COMPILATION_MODE = wholemodule;
				SWIFT_OPTIMIZATION_LEVEL = "-O";
				VALIDATE_PRODUCT = YES;
			};
			name = Release;
		};
		4648614325CE496600F9AEAB /* Debug */ = {
			isa = XCBuildConfiguration;
			buildSettings = {
				ASSETCATALOG_COMPILER_APPICON_NAME = AppIcon;
				ASSETCATALOG_COMPILER_GLOBAL_ACCENT_COLOR_NAME = AccentColor;
				CODE_SIGN_STYLE = Automatic;
				DEVELOPMENT_ASSET_PATHS = "\"News/Preview Content\"";
				ENABLE_PREVIEWS = YES;
				INFOPLIST_FILE = News/Info.plist;
				IPHONEOS_DEPLOYMENT_TARGET = 14.0;
				LD_RUNPATH_SEARCH_PATHS = (
					"$(inherited)",
					"@executable_path/Frameworks",
				);
				PRODUCT_BUNDLE_IDENTIFIER = com.nagaraj.News;
				PRODUCT_NAME = "$(TARGET_NAME)";
				SWIFT_VERSION = 5.0;
				TARGETED_DEVICE_FAMILY = "1,2";
			};
			name = Debug;
		};
		4648614425CE496600F9AEAB /* Release */ = {
			isa = XCBuildConfiguration;
			buildSettings = {
				ASSETCATALOG_COMPILER_APPICON_NAME = AppIcon;
				ASSETCATALOG_COMPILER_GLOBAL_ACCENT_COLOR_NAME = AccentColor;
				CODE_SIGN_STYLE = Automatic;
				DEVELOPMENT_ASSET_PATHS = "\"News/Preview Content\"";
				ENABLE_PREVIEWS = YES;
				INFOPLIST_FILE = News/Info.plist;
				IPHONEOS_DEPLOYMENT_TARGET = 14.0;
				LD_RUNPATH_SEARCH_PATHS = (
					"$(inherited)",
					"@executable_path/Frameworks",
				);
				PRODUCT_BUNDLE_IDENTIFIER = com.nagaraj.News;
				PRODUCT_NAME = "$(TARGET_NAME)";
				SWIFT_VERSION = 5.0;
				TARGETED_DEVICE_FAMILY = "1,2";
			};
			name = Release;
		};
/* End XCBuildConfiguration section */

/* Begin XCConfigurationList section */
		4648612E25CE496400F9AEAB /* Build configuration list for PBXProject "News" */ = {
			isa = XCConfigurationList;
			buildConfigurations = (
				4648614025CE496600F9AEAB /* Debug */,
				4648614125CE496600F9AEAB /* Release */,
			);
			defaultConfigurationIsVisible = 0;
			defaultConfigurationName = Release;
		};
		4648614225CE496600F9AEAB /* Build configuration list for PBXNativeTarget "News" */ = {
			isa = XCConfigurationList;
			buildConfigurations = (
				4648614325CE496600F9AEAB /* Debug */,
				4648614425CE496600F9AEAB /* Release */,
			);
			defaultConfigurationIsVisible = 0;
			defaultConfigurationName = Release;
		};
/* End XCConfigurationList section */

/* Begin XCVersionGroup section */
		46A837C125CE8DC60079AF41 /* Article.xcdatamodeld */ = {
			isa = XCVersionGroup;
			children = (
				46A837C225CE8DC60079AF41 /* Article.xcdatamodel */,
			);
			currentVersion = 46A837C225CE8DC60079AF41 /* Article.xcdatamodel */;
			path = Article.xcdatamodeld;
			sourceTree = "<group>";
			versionGroupType = wrapper.xcdatamodel;
		};
/* End XCVersionGroup section */
	};
	rootObject = 4648612B25CE496400F9AEAB /* Project object */;
}
